
Microsoft Visual Studio Solution File, Format Version 12.00
# Visual Studio Version 17
VisualStudioVersion = 17.0.31903.59
MinimumVisualStudioVersion = 10.0.40219.1
Project("{2150E333-8FDC-42A3-9474-1A3956D46DE8}") = "Services", "Services", "{B1EFD424-6312-4C55-92D1-0B349FB8D625}"
EndProject
Project("{2150E333-8FDC-42A3-9474-1A3956D46DE8}") = "Catalog", "Catalog", "{3EC03A52-6641-42DE-A1DA-33E7ABBD6A5B}"
EndProject
Project("{9A19103F-16F7-4668-BE54-9A1E7A4F7556}") = "Catalog.API", "Services\Catalog\Catalog.API\Catalog.API.csproj", "{309DF739-A653-42DC-A5B7-4B10CFD7A45E}"
EndProject
Project("{E53339B2-1760-4266-BCC7-CA923CBCF16C}") = "docker-compose", "docker-compose.dcproj", "{4D4F2AA5-A426-451E-BB6C-184978DFF436}"
EndProject
Project("{2150E333-8FDC-42A3-9474-1A3956D46DE8}") = "Basket", "Basket", "{F151EF7F-F40A-49EE-9AB6-B5ADDE553C57}"
EndProject
Project("{9A19103F-16F7-4668-BE54-9A1E7A4F7556}") = "Basket.API", "Services\Basket\Basket.API\Basket.API.csproj", "{8B59126A-5E97-464B-9225-8276E67BACFE}"
EndProject
Project("{2150E333-8FDC-42A3-9474-1A3956D46DE8}") = "Discount", "Discount", "{C30001A9-224F-42CB-8D5F-5A4BAA33D6E5}"
EndProject
Project("{9A19103F-16F7-4668-BE54-9A1E7A4F7556}") = "Discount.API", "Services\Discount\Discount.API\Discount.API.csproj", "{420DE918-8D26-4916-B4C5-2DF43A7A4A9D}"
EndProject
Project("{9A19103F-16F7-4668-BE54-9A1E7A4F7556}") = "Discount.Grpc", "Services\Discount\Discount.Grpc\Discount.Grpc.csproj", "{9B9E9865-363D-499D-8541-0C16D2FF93A1}"
EndProject
Project("{9A19103F-16F7-4668-BE54-9A1E7A4F7556}") = "Ordering.API", "Services\Ordering\Ordering.API\Ordering.API.csproj", "{1110C250-6270-45AD-ABD5-4ADFEB289D72}"
EndProject
Project("{2150E333-8FDC-42A3-9474-1A3956D46DE8}") = "Ordering", "Ordering", "{092C73B2-4172-40DD-8025-100F4CC443B0}"
EndProject
Project("{9A19103F-16F7-4668-BE54-9A1E7A4F7556}") = "Ordering.Domain", "Services\Ordering\Ordering.Domain\Ordering.Domain.csproj", "{205B7F4E-DE7C-4802-AD51-631537C709E3}"
EndProject
Project("{9A19103F-16F7-4668-BE54-9A1E7A4F7556}") = "Ordering.Application", "Services\Ordering\Ordering.Application\Ordering.Application.csproj", "{F30C9BA0-B9E0-45FD-9BDF-BD6999DC7F4C}"
EndProject
Project("{9A19103F-16F7-4668-BE54-9A1E7A4F7556}") = "Ordering.Infrastructure", "Services\Ordering\Ordering.Infrastructure\Ordering.Infrastructure.csproj", "{1C9E7562-870B-400B-973C-54D5D2D4FFF0}"
EndProject
Project("{2150E333-8FDC-42A3-9474-1A3956D46DE8}") = "BuildingBlocks", "BuildingBlocks", "{9DA48384-CACA-43E7-8EC4-4088E062665D}"
EndProject
Project("{9A19103F-16F7-4668-BE54-9A1E7A4F7556}") = "EventBus.Messages", "BuildingBlocks\EventBus.Messages\EventBus.Messages.csproj", "{85DB85FC-D4AF-45C5-9C33-71CADE47D34A}"
EndProject
Project("{2150E333-8FDC-42A3-9474-1A3956D46DE8}") = "ApiGateways", "ApiGateways", "{2344BD03-18A1-45BB-AB72-0DAD7B032018}"
EndProject
Project("{9A19103F-16F7-4668-BE54-9A1E7A4F7556}") = "OcelotApiGw", "ApiGateways\OcelotApiGw\OcelotApiGw.csproj", "{63B917FF-4096-4377-80AC-3683A12AE519}"
EndProject
Project("{9A19103F-16F7-4668-BE54-9A1E7A4F7556}") = "Shopping.Aggregator", "ApiGateways\Shopping.Aggregator\Shopping.Aggregator.csproj", "{D6EA9EAB-7216-4D7F-9756-90428A593098}"
EndProject
Project("{2150E333-8FDC-42A3-9474-1A3956D46DE8}") = "WebApps", "WebApps", "{48558019-A6F7-43EE-954F-4B63918BAAB7}"
EndProject
Project("{9A19103F-16F7-4668-BE54-9A1E7A4F7556}") = "AspnetRunBasics", "WebApps\AspnetRunBasics\AspnetRunBasics.csproj", "{2F74D623-D8EB-43E2-96EF-1DE3EE943DEC}"
EndProject
Global
	GlobalSection(SolutionConfigurationPlatforms) = preSolution
		Debug|Any CPU = Debug|Any CPU
		Release|Any CPU = Release|Any CPU
	EndGlobalSection
	GlobalSection(ProjectConfigurationPlatforms) = postSolution
		{309DF739-A653-42DC-A5B7-4B10CFD7A45E}.Debug|Any CPU.ActiveCfg = Debug|Any CPU
		{309DF739-A653-42DC-A5B7-4B10CFD7A45E}.Debug|Any CPU.Build.0 = Debug|Any CPU
		{309DF739-A653-42DC-A5B7-4B10CFD7A45E}.Release|Any CPU.ActiveCfg = Release|Any CPU
		{309DF739-A653-42DC-A5B7-4B10CFD7A45E}.Release|Any CPU.Build.0 = Release|Any CPU
		{4D4F2AA5-A426-451E-BB6C-184978DFF436}.Debug|Any CPU.ActiveCfg = Debug|Any CPU
		{4D4F2AA5-A426-451E-BB6C-184978DFF436}.Debug|Any CPU.Build.0 = Debug|Any CPU
		{4D4F2AA5-A426-451E-BB6C-184978DFF436}.Release|Any CPU.ActiveCfg = Release|Any CPU
		{4D4F2AA5-A426-451E-BB6C-184978DFF436}.Release|Any CPU.Build.0 = Release|Any CPU
		{8B59126A-5E97-464B-9225-8276E67BACFE}.Debug|Any CPU.ActiveCfg = Debug|Any CPU
		{8B59126A-5E97-464B-9225-8276E67BACFE}.Debug|Any CPU.Build.0 = Debug|Any CPU
		{8B59126A-5E97-464B-9225-8276E67BACFE}.Release|Any CPU.ActiveCfg = Release|Any CPU
		{8B59126A-5E97-464B-9225-8276E67BACFE}.Release|Any CPU.Build.0 = Release|Any CPU
		{420DE918-8D26-4916-B4C5-2DF43A7A4A9D}.Debug|Any CPU.ActiveCfg = Debug|Any CPU
		{420DE918-8D26-4916-B4C5-2DF43A7A4A9D}.Debug|Any CPU.Build.0 = Debug|Any CPU
		{420DE918-8D26-4916-B4C5-2DF43A7A4A9D}.Release|Any CPU.ActiveCfg = Release|Any CPU
		{420DE918-8D26-4916-B4C5-2DF43A7A4A9D}.Release|Any CPU.Build.0 = Release|Any CPU
		{9B9E9865-363D-499D-8541-0C16D2FF93A1}.Debug|Any CPU.ActiveCfg = Debug|Any CPU
		{9B9E9865-363D-499D-8541-0C16D2FF93A1}.Debug|Any CPU.Build.0 = Debug|Any CPU
		{9B9E9865-363D-499D-8541-0C16D2FF93A1}.Release|Any CPU.ActiveCfg = Release|Any CPU
		{9B9E9865-363D-499D-8541-0C16D2FF93A1}.Release|Any CPU.Build.0 = Release|Any CPU
		{1110C250-6270-45AD-ABD5-4ADFEB289D72}.Debug|Any CPU.ActiveCfg = Debug|Any CPU
		{1110C250-6270-45AD-ABD5-4ADFEB289D72}.Debug|Any CPU.Build.0 = Debug|Any CPU
		{1110C250-6270-45AD-ABD5-4ADFEB289D72}.Release|Any CPU.ActiveCfg = Release|Any CPU
		{1110C250-6270-45AD-ABD5-4ADFEB289D72}.Release|Any CPU.Build.0 = Release|Any CPU
		{205B7F4E-DE7C-4802-AD51-631537C709E3}.Debug|Any CPU.ActiveCfg = Debug|Any CPU
		{205B7F4E-DE7C-4802-AD51-631537C709E3}.Debug|Any CPU.Build.0 = Debug|Any CPU
		{205B7F4E-DE7C-4802-AD51-631537C709E3}.Release|Any CPU.ActiveCfg = Release|Any CPU
		{205B7F4E-DE7C-4802-AD51-631537C709E3}.Release|Any CPU.Build.0 = Release|Any CPU
		{F30C9BA0-B9E0-45FD-9BDF-BD6999DC7F4C}.Debug|Any CPU.ActiveCfg = Debug|Any CPU
		{F30C9BA0-B9E0-45FD-9BDF-BD6999DC7F4C}.Debug|Any CPU.Build.0 = Debug|Any CPU
		{F30C9BA0-B9E0-45FD-9BDF-BD6999DC7F4C}.Release|Any CPU.ActiveCfg = Release|Any CPU
		{F30C9BA0-B9E0-45FD-9BDF-BD6999DC7F4C}.Release|Any CPU.Build.0 = Release|Any CPU
		{1C9E7562-870B-400B-973C-54D5D2D4FFF0}.Debug|Any CPU.ActiveCfg = Debug|Any CPU
		{1C9E7562-870B-400B-973C-54D5D2D4FFF0}.Debug|Any CPU.Build.0 = Debug|Any CPU
		{1C9E7562-870B-400B-973C-54D5D2D4FFF0}.Release|Any CPU.ActiveCfg = Release|Any CPU
		{1C9E7562-870B-400B-973C-54D5D2D4FFF0}.Release|Any CPU.Build.0 = Release|Any CPU
		{85DB85FC-D4AF-45C5-9C33-71CADE47D34A}.Debug|Any CPU.ActiveCfg = Debug|Any CPU
		{85DB85FC-D4AF-45C5-9C33-71CADE47D34A}.Debug|Any CPU.Build.0 = Debug|Any CPU
		{85DB85FC-D4AF-45C5-9C33-71CADE47D34A}.Release|Any CPU.ActiveCfg = Release|Any CPU
		{85DB85FC-D4AF-45C5-9C33-71CADE47D34A}.Release|Any CPU.Build.0 = Release|Any CPU
		{63B917FF-4096-4377-80AC-3683A12AE519}.Debug|Any CPU.ActiveCfg = Debug|Any CPU
		{63B917FF-4096-4377-80AC-3683A12AE519}.Debug|Any CPU.Build.0 = Debug|Any CPU
		{63B917FF-4096-4377-80AC-3683A12AE519}.Release|Any CPU.ActiveCfg = Release|Any CPU
		{63B917FF-4096-4377-80AC-3683A12AE519}.Release|Any CPU.Build.0 = Release|Any CPU
		{D6EA9EAB-7216-4D7F-9756-90428A593098}.Debug|Any CPU.ActiveCfg = Debug|Any CPU
		{D6EA9EAB-7216-4D7F-9756-90428A593098}.Debug|Any CPU.Build.0 = Debug|Any CPU
		{D6EA9EAB-7216-4D7F-9756-90428A593098}.Release|Any CPU.ActiveCfg = Release|Any CPU
		{D6EA9EAB-7216-4D7F-9756-90428A593098}.Release|Any CPU.Build.0 = Release|Any CPU
		{2F74D623-D8EB-43E2-96EF-1DE3EE943DEC}.Debug|Any CPU.ActiveCfg = Debug|Any CPU
		{2F74D623-D8EB-43E2-96EF-1DE3EE943DEC}.Debug|Any CPU.Build.0 = Debug|Any CPU
		{2F74D623-D8EB-43E2-96EF-1DE3EE943DEC}.Release|Any CPU.ActiveCfg = Release|Any CPU
		{2F74D623-D8EB-43E2-96EF-1DE3EE943DEC}.Release|Any CPU.Build.0 = Release|Any CPU
	EndGlobalSection
	GlobalSection(SolutionProperties) = preSolution
		HideSolutionNode = FALSE
	EndGlobalSection
	GlobalSection(NestedProjects) = preSolution
		{3EC03A52-6641-42DE-A1DA-33E7ABBD6A5B} = {B1EFD424-6312-4C55-92D1-0B349FB8D625}
		{309DF739-A653-42DC-A5B7-4B10CFD7A45E} = {3EC03A52-6641-42DE-A1DA-33E7ABBD6A5B}
		{F151EF7F-F40A-49EE-9AB6-B5ADDE553C57} = {B1EFD424-6312-4C55-92D1-0B349FB8D625}
		{8B59126A-5E97-464B-9225-8276E67BACFE} = {F151EF7F-F40A-49EE-9AB6-B5ADDE553C57}
		{C30001A9-224F-42CB-8D5F-5A4BAA33D6E5} = {B1EFD424-6312-4C55-92D1-0B349FB8D625}
		{420DE918-8D26-4916-B4C5-2DF43A7A4A9D} = {C30001A9-224F-42CB-8D5F-5A4BAA33D6E5}
		{9B9E9865-363D-499D-8541-0C16D2FF93A1} = {C30001A9-224F-42CB-8D5F-5A4BAA33D6E5}
		{1110C250-6270-45AD-ABD5-4ADFEB289D72} = {092C73B2-4172-40DD-8025-100F4CC443B0}
		{092C73B2-4172-40DD-8025-100F4CC443B0} = {B1EFD424-6312-4C55-92D1-0B349FB8D625}
		{205B7F4E-DE7C-4802-AD51-631537C709E3} = {092C73B2-4172-40DD-8025-100F4CC443B0}
		{F30C9BA0-B9E0-45FD-9BDF-BD6999DC7F4C} = {092C73B2-4172-40DD-8025-100F4CC443B0}
		{1C9E7562-870B-400B-973C-54D5D2D4FFF0} = {092C73B2-4172-40DD-8025-100F4CC443B0}
		{85DB85FC-D4AF-45C5-9C33-71CADE47D34A} = {9DA48384-CACA-43E7-8EC4-4088E062665D}
		{63B917FF-4096-4377-80AC-3683A12AE519} = {2344BD03-18A1-45BB-AB72-0DAD7B032018}
		{D6EA9EAB-7216-4D7F-9756-90428A593098} = {2344BD03-18A1-45BB-AB72-0DAD7B032018}
		{2F74D623-D8EB-43E2-96EF-1DE3EE943DEC} = {48558019-A6F7-43EE-954F-4B63918BAAB7}
	EndGlobalSection
	GlobalSection(ExtensibilityGlobals) = postSolution
		SolutionGuid = {114F1739-4269-4713-A04B-65D2C6A7F5EE}
	EndGlobalSection
EndGlobal
